
Microsoft Visual Studio Solution File, Format Version 12.00
# Visual Studio Version 16
VisualStudioVersion = 16.0.30517.126
MinimumVisualStudioVersion = 10.0.40219.1
Project("{F184B08F-C81C-45F6-A57F-5ABD9991F28F}") = "TacocaT Javascript Challenge", "TacocaT Javascript Challenge.vbproj", "{7AF8856B-5916-4266-BBB6-1013947A9FCA}"
EndProject
Global
	GlobalSection(SolutionConfigurationPlatforms) = preSolution
		Debug|Any CPU = Debug|Any CPU
		Release|Any CPU = Release|Any CPU
	EndGlobalSection
	GlobalSection(ProjectConfigurationPlatforms) = postSolution
		{7AF8856B-5916-4266-BBB6-1013947A9FCA}.Debug|Any CPU.ActiveCfg = Debug|Any CPU
		{7AF8856B-5916-4266-BBB6-1013947A9FCA}.Debug|Any CPU.Build.0 = Debug|Any CPU
		{7AF8856B-5916-4266-BBB6-1013947A9FCA}.Release|Any CPU.ActiveCfg = Release|Any CPU
		{7AF8856B-5916-4266-BBB6-1013947A9FCA}.Release|Any CPU.Build.0 = Release|Any CPU
	EndGlobalSection
	GlobalSection(SolutionProperties) = preSolution
		HideSolutionNode = FALSE
	EndGlobalSection
	GlobalSection(ExtensibilityGlobals) = postSolution
		SolutionGuid = {AE81BE75-59FA-4BAF-828C-3A89DA6E3021}
	EndGlobalSection
EndGlobal
